{
  "name": "multiformats",
  "lockfileVersion": 3,
  "requires": true,
  "packages": {
    "": {
      "dependencies": {
        "multiformats": "^13.3.2"
      }
    },
    "node_modules/multiformats": {
      "version": "13.3.2",
      "resolved": "https://registry.npmjs.org/multiformats/-/multiformats-13.3.2.tgz",
      "integrity": "sha512-qbB0CQDt3QKfiAzZ5ZYjLFOs+zW43vA4uyM8g27PeEuXZybUOFyjrVdP93HPBHMoglibwfkdVwbzfUq8qGcH6g==",
      "license": "Apache-2.0 OR MIT"
    }
  }
}
